PODS:
  - Capacitor (5.5.0):
    - CapacitorCordova
  - CapacitorApp (5.0.6):
    - Capacitor
  - CapacitorCamera (5.0.7):
    - Capacitor
  - CapacitorCordova (5.5.0)
  - CapacitorFilesystem (5.1.4):
    - Capacitor
  - CapacitorHaptics (5.0.6):
    - Capacitor
  - CapacitorKeyboard (5.0.6):
    - Capacitor
  - CapacitorSplashScreen (5.0.6):
    - Capacitor
  - CapacitorStatusBar (5.0.6):
    - Capacitor
  - CordovaPlugins (5.5.0):
    - CapacitorCordova
    - SQLCipher (~> 4.0)
  - IonicEnterpriseApplePay (2.0.0):
    - Capacitor
  - IonicEnterpriseAuth (5.1.0):
    - Capacitor
  - IonicEnterpriseGooglePay (2.0.0):
    - Capacitor
  - SQLCipher (4.5.5):
    - SQLCipher/standard (= 4.5.5)
  - SQLCipher/common (4.5.5)
  - SQLCipher/standard (4.5.5):
    - SQLCipher/common

DEPENDENCIES:
  - "Capacitor (from `../../node_modules/@capacitor/ios`)"
  - "CapacitorApp (from `../../node_modules/@capacitor/app`)"
  - "CapacitorCamera (from `../../node_modules/@capacitor/camera`)"
  - "CapacitorCordova (from `../../node_modules/@capacitor/ios`)"
  - "CapacitorFilesystem (from `../../node_modules/@capacitor/filesystem`)"
  - "CapacitorHaptics (from `../../node_modules/@capacitor/haptics`)"
  - "CapacitorKeyboard (from `../../node_modules/@capacitor/keyboard`)"
  - "CapacitorSplashScreen (from `../../node_modules/@capacitor/splash-screen`)"
  - "CapacitorStatusBar (from `../../node_modules/@capacitor/status-bar`)"
  - CordovaPlugins (from `../capacitor-cordova-ios-plugins`)
  - "IonicEnterpriseApplePay (from `../../node_modules/@ionic-enterprise/apple-pay`)"
  - "IonicEnterpriseAuth (from `../../node_modules/@ionic-enterprise/auth`)"
  - "IonicEnterpriseGooglePay (from `../../node_modules/@ionic-enterprise/google-pay`)"

SPEC REPOS:
  trunk:
    - SQLCipher

EXTERNAL SOURCES:
  Capacitor:
    :path: "../../node_modules/@capacitor/ios"
  CapacitorApp:
    :path: "../../node_modules/@capacitor/app"
  CapacitorCamera:
    :path: "../../node_modules/@capacitor/camera"
  CapacitorCordova:
    :path: "../../node_modules/@capacitor/ios"
  CapacitorFilesystem:
    :path: "../../node_modules/@capacitor/filesystem"
  CapacitorHaptics:
    :path: "../../node_modules/@capacitor/haptics"
  CapacitorKeyboard:
    :path: "../../node_modules/@capacitor/keyboard"
  CapacitorSplashScreen:
    :path: "../../node_modules/@capacitor/splash-screen"
  CapacitorStatusBar:
    :path: "../../node_modules/@capacitor/status-bar"
  CordovaPlugins:
    :path: "../capacitor-cordova-ios-plugins"
  IonicEnterpriseApplePay:
    :path: "../../node_modules/@ionic-enterprise/apple-pay"
  IonicEnterpriseAuth:
    :path: "../../node_modules/@ionic-enterprise/auth"
  IonicEnterpriseGooglePay:
    :path: "../../node_modules/@ionic-enterprise/google-pay"

SPEC CHECKSUMS:
  Capacitor: 57890b363df14d5d2d5d8461aa23e886cb34da2a
  CapacitorApp: 024e1b1bea5f883d79f6330d309bc441c88ad04a
  CapacitorCamera: 084b0b228bba7d00587910337b1c89e93b1d32ab
  CapacitorCordova: 3d3908a3d208a11a75f9df3b18c4405c4de76e1d
  CapacitorFilesystem: af704badfbc69f6f8623d9ed313e5490e3723dcb
  CapacitorHaptics: 1fffc1217c7e64a472d7845be50fb0c2f7d4204c
  CapacitorKeyboard: b978154b024a5f65e044908e37d15b7de58b9d12
  CapacitorSplashScreen: 5fa2ab5e46cf5cc530cf16a51c80c7a986579ccd
  CapacitorStatusBar: 565c0a1ebd79bb40d797606a8992b4a105885309
  CordovaPlugins: 5d8ac3aea71708477240cfa89220eb11e8b3d5b1
  IonicEnterpriseApplePay: 207537b1a4db9718fa7e6c2be1fe50bc703c1988
  IonicEnterpriseAuth: 32539d9c798feb84d79457759ed3633ddcf0df52
  IonicEnterpriseGooglePay: 6675c72b3252c9948975860ef85cf86ed5d17e6e
  SQLCipher: f2e96b3822e3006b379181a0e4fd145f6de29b56

PODFILE CHECKSUM: 611386cd7403bae1f43e30a73354400cba271b18

COCOAPODS: 1.11.3
